
Microsoft Visual Studio Solution File, Format Version 12.00
# Visual Studio Version 17
VisualStudioVersion = 17.2.32630.192
MinimumVisualStudioVersion = 10.0.40219.1
Project("{9A19103F-16F7-4668-BE54-9A1E7A4F7556}") = "VRising.ProjectTemplate", "VRising.ProjectTemplate\VRising.ProjectTemplate.csproj", "{60E005D0-83F8-43AD-BBEB-E579A8BB039C}"
EndProject
Global
	GlobalSection(SolutionConfigurationPlatforms) = preSolution
		Debug|Any CPU = Debug|Any CPU
		Release|Any CPU = Release|Any CPU
	EndGlobalSection
	GlobalSection(ProjectConfigurationPlatforms) = postSolution
		{60E005D0-83F8-43AD-BBEB-E579A8BB039C}.Debug|Any CPU.ActiveCfg = Debug|Any CPU
		{60E005D0-83F8-43AD-BBEB-E579A8BB039C}.Debug|Any CPU.Build.0 = Debug|Any CPU
		{60E005D0-83F8-43AD-BBEB-E579A8BB039C}.Release|Any CPU.ActiveCfg = Release|Any CPU
		{60E005D0-83F8-43AD-BBEB-E579A8BB039C}.Release|Any CPU.Build.0 = Release|Any CPU
	EndGlobalSection
	GlobalSection(SolutionProperties) = preSolution
		HideSolutionNode = FALSE
	EndGlobalSection
	GlobalSection(ExtensibilityGlobals) = postSolution
		SolutionGuid = {1919F394-EC45-4CAD-9384-32742DAA1D9B}
	EndGlobalSection
EndGlobal
